// !$*UTF8*$!
{
	archiveVersion = 1;
	classes = {
	};
	objectVersion = 50;
	objects = {

/* Begin PBXBuildFile section */
		195A3814240CE1C00038DDB9 /* AppDelegate.swift in Sources */ = {isa = PBXBuildFile; fileRef = 195A3813240CE1C00038DDB9 /* AppDelegate.swift */; };
		195A3816240CE1C00038DDB9 /* SceneDelegate.swift in Sources */ = {isa = PBXBuildFile; fileRef = 195A3815240CE1C00038DDB9 /* SceneDelegate.swift */; };
		195A3818240CE1C00038DDB9 /* ViewController.swift in Sources */ = {isa = PBXBuildFile; fileRef = 195A3817240CE1C00038DDB9 /* ViewController.swift */; };
		195A381B240CE1C00038DDB9 /* Main.storyboard in Resources */ = {isa = PBXBuildFile; fileRef = 195A3819240CE1C00038DDB9 /* Main.storyboard */; };
		195A381D240CE1C30038DDB9 /* Assets.xcassets in Resources */ = {isa = PBXBuildFile; fileRef = 195A381C240CE1C30038DDB9 /* Assets.xcassets */; };
		195A3820240CE1C30038DDB9 /* LaunchScreen.storyboard in Resources */ = {isa = PBXBuildFile; fileRef = 195A381E240CE1C30038DDB9 /* LaunchScreen.storyboard */; };
		195A3829240CE2060038DDB9 /* RSPlayCollectionView.swift in Sources */ = {isa = PBXBuildFile; fileRef = 195A3828240CE2060038DDB9 /* RSPlayCollectionView.swift */; };
		195A382B240CF8240038DDB9 /* RSPlayCollectionViewCell.swift in Sources */ = {isa = PBXBuildFile; fileRef = 195A382A240CF8240038DDB9 /* RSPlayCollectionViewCell.swift */; };
		195A382D240D07410038DDB9 /* RSPlayCollectionLayout.swift in Sources */ = {isa = PBXBuildFile; fileRef = 195A382C240D07410038DDB9 /* RSPlayCollectionLayout.swift */; };
/* End PBXBuildFile section */

/* Begin PBXFileReference section */
		195A3810240CE1C00038DDB9 /* RSPlayCollectionView.app */ = {isa = PBXFileReference; explicitFileType = wrapper.application; includeInIndex = 0; path = RSPlayCollectionView.app; sourceTree = BUILT_PRODUCTS_DIR; };
		195A3813240CE1C00038DDB9 /* AppDelegate.swift */ = {isa = PBXFileReference; lastKnownFileType = sourcecode.swift; path = AppDelegate.swift; sourceTree = "<group>"; };
		195A3815240CE1C00038DDB9 /* SceneDelegate.swift */ = {isa = PBXFileReference; lastKnownFileType = sourcecode.swift; path = SceneDelegate.swift; sourceTree = "<group>"; };
		195A3817240CE1C00038DDB9 /* ViewController.swift */ = {isa = PBXFileReference; lastKnownFileType = sourcecode.swift; path = ViewController.swift; sourceTree = "<group>"; };
		195A381A240CE1C00038DDB9 /* Base */ = {isa = PBXFileReference; lastKnownFileType = file.storyboard; name = Base; path = Base.lproj/Main.storyboard; sourceTree = "<group>"; };
		195A381C240CE1C30038DDB9 /* Assets.xcassets */ = {isa = PBXFileReference; lastKnownFileType = folder.assetcatalog; path = Assets.xcassets; sourceTree = "<group>"; };
		195A381F240CE1C30038DDB9 /* Base */ = {isa = PBXFileReference; lastKnownFileType = file.storyboard; name = Base; path = Base.lproj/LaunchScreen.storyboard; sourceTree = "<group>"; };
		195A3821240CE1C30038DDB9 /* Info.plist */ = {isa = PBXFileReference; lastKnownFileType = text.plist.xml; path = Info.plist; sourceTree = "<group>"; };
		195A3828240CE2060038DDB9 /* RSPlayCollectionView.swift */ = {isa = PBXFileReference; lastKnownFileType = sourcecode.swift; path = RSPlayCollectionView.swift; sourceTree = "<group>"; };
		195A382A240CF8240038DDB9 /* RSPlayCollectionViewCell.swift */ = {isa = PBXFileReference; lastKnownFileType = sourcecode.swift; path = RSPlayCollectionViewCell.swift; sourceTree = "<group>"; };
		195A382C240D07410038DDB9 /* RSPlayCollectionLayout.swift */ = {isa = PBXFileReference; lastKnownFileType = sourcecode.swift; path = RSPlayCollectionLayout.swift; sourceTree = "<group>"; };
/* End PBXFileReference section */

/* Begin PBXFrameworksBuildPhase section */
		195A380D240CE1C00038DDB9 /* Frameworks */ = {
			isa = PBXFrameworksBuildPhase;
			buildActionMask = 2147483647;
			files = (
			);
			runOnlyForDeploymentPostprocessing = 0;
		};
/* End PBXFrameworksBuildPhase section */

/* Begin PBXGroup section */
		195A3807240CE1C00038DDB9 = {
			isa = PBXGroup;
			children = (
				195A3812240CE1C00038DDB9 /* RSPlayCollectionView */,
				195A3811240CE1C00038DDB9 /* Products */,
			);
			sourceTree = "<group>";
		};
		195A3811240CE1C00038DDB9 /* Products */ = {
			isa = PBXGroup;
			children = (
				195A3810240CE1C00038DDB9 /* RSPlayCollectionView.app */,
			);
			name = Products;
			sourceTree = "<group>";
		};
		195A3812240CE1C00038DDB9 /* RSPlayCollectionView */ = {
			isa = PBXGroup;
			children = (
				195A3813240CE1C00038DDB9 /* AppDelegate.swift */,
				195A3815240CE1C00038DDB9 /* SceneDelegate.swift */,
				195A3817240CE1C00038DDB9 /* ViewController.swift */,
				195A3827240CE1E60038DDB9 /* RSPlayCollectionView */,
				195A3819240CE1C00038DDB9 /* Main.storyboard */,
				195A381C240CE1C30038DDB9 /* Assets.xcassets */,
				195A381E240CE1C30038DDB9 /* LaunchScreen.storyboard */,
				195A3821240CE1C30038DDB9 /* Info.plist */,
			);
			path = RSPlayCollectionView;
			sourceTree = "<group>";
		};
		195A3827240CE1E60038DDB9 /* RSPlayCollectionView */ = {
			isa = PBXGroup;
			children = (
				195A3828240CE2060038DDB9 /* RSPlayCollectionView.swift */,
				195A382C240D07410038DDB9 /* RSPlayCollectionLayout.swift */,
				195A382A240CF8240038DDB9 /* RSPlayCollectionViewCell.swift */,
			);
			path = RSPlayCollectionView;
			sourceTree = "<group>";
		};
/* End PBXGroup section */

/* Begin PBXNativeTarget section */
		195A380F240CE1C00038DDB9 /* RSPlayCollectionView */ = {
			isa = PBXNativeTarget;
			buildConfigurationList = 195A3824240CE1C30038DDB9 /* Build configuration list for PBXNativeTarget "RSPlayCollectionView" */;
			buildPhases = (
				195A380C240CE1C00038DDB9 /* Sources */,
				195A380D240CE1C00038DDB9 /* Frameworks */,
				195A380E240CE1C00038DDB9 /* Resources */,
			);
			buildRules = (
			);
			dependencies = (
			);
			name = RSPlayCollectionView;
			productName = RSPlayCollectionView;
			productReference = 195A3810240CE1C00038DDB9 /* RSPlayCollectionView.app */;
			productType = "com.apple.product-type.application";
		};
/* End PBXNativeTarget section */

/* Begin PBXProject section */
		195A3808240CE1C00038DDB9 /* Project object */ = {
			isa = PBXProject;
			attributes = {
				LastSwiftUpdateCheck = 1130;
				LastUpgradeCheck = 1130;
				ORGANIZATIONNAME = LyongY;
				TargetAttributes = {
					195A380F240CE1C00038DDB9 = {
						CreatedOnToolsVersion = 11.3;
					};
				};
			};
			buildConfigurationList = 195A380B240CE1C00038DDB9 /* Build configuration list for PBXProject "RSPlayCollectionView" */;
			compatibilityVersion = "Xcode 9.3";
			developmentRegion = en;
			hasScannedForEncodings = 0;
			knownRegions = (
				en,
				Base,
			);
			mainGroup = 195A3807240CE1C00038DDB9;
			productRefGroup = 195A3811240CE1C00038DDB9 /* Products */;
			projectDirPath = "";
			projectRoot = "";
			targets = (
				195A380F240CE1C00038DDB9 /* RSPlayCollectionView */,
			);
		};
/* End PBXProject section */

/* Begin PBXResourcesBuildPhase section */
		195A380E240CE1C00038DDB9 /* Resources */ = {
			isa = PBXResourcesBuildPhase;
			buildActionMask = 2147483647;
			files = (
				195A3820240CE1C30038DDB9 /* LaunchScreen.storyboard in Resources */,
				195A381D240CE1C30038DDB9 /* Assets.xcassets in Resources */,
				195A381B240CE1C00038DDB9 /* Main.storyboard in Resources */,
			);
			runOnlyForDeploymentPostprocessing = 0;
		};
/* End PBXResourcesBuildPhase section */

/* Begin PBXSourcesBuildPhase section */
		195A380C240CE1C00038DDB9 /* Sources */ = {
			isa = PBXSourcesBuildPhase;
			buildActionMask = 2147483647;
			files = (
				195A382B240CF8240038DDB9 /* RSPlayCollectionViewCell.swift in Sources */,
				195A3818240CE1C00038DDB9 /* ViewController.swift in Sources */,
				195A382D240D07410038DDB9 /* RSPlayCollectionLayout.swift in Sources */,
				195A3814240CE1C00038DDB9 /* AppDelegate.swift in Sources */,
				195A3816240CE1C00038DDB9 /* SceneDelegate.swift in Sources */,
				195A3829240CE2060038DDB9 /* RSPlayCollectionView.swift in Sources */,
			);
			runOnlyForDeploymentPostprocessing = 0;
		};
/* End PBXSourcesBuildPhase section */

/* Begin PBXVariantGroup section */
		195A3819240CE1C00038DDB9 /* Main.storyboard */ = {
			isa = PBXVariantGroup;
			children = (
				195A381A240CE1C00038DDB9 /* Base */,
			);
			name = Main.storyboard;
			sourceTree = "<group>";
		};
		195A381E240CE1C30038DDB9 /* LaunchScreen.storyboard */ = {
			isa = PBXVariantGroup;
			children = (
				195A381F240CE1C30038DDB9 /* Base */,
			);
			name = LaunchScreen.storyboard;
			sourceTree = "<group>";
		};
/* End PBXVariantGroup section */

/* Begin XCBuildConfiguration section */
		195A3822240CE1C30038DDB9 /* Debug */ = {
			isa = XCBuildConfiguration;
			buildSettings = {
				ALWAYS_SEARCH_USER_PATHS = NO;
				CLANG_ANALYZER_NONNULL = YES;
				CLANG_ANALYZER_NUMBER_OBJECT_CONVERSION = YES_AGGRESSIVE;
				CLANG_CXX_LANGUAGE_STANDARD = "gnu++14";
				CLANG_CXX_LIBRARY = "libc++";
				CLANG_ENABLE_MODULES = YES;
				CLANG_ENABLE_OBJC_ARC = YES;
				CLANG_ENABLE_OBJC_WEAK = YES;
				CLANG_WARN_BLOCK_CAPTURE_AUTORELEASING = YES;
				CLANG_WARN_BOOL_CONVERSION = YES;
				CLANG_WARN_COMMA = YES;
				CLANG_WARN_CONSTANT_CONVERSION = YES;
				CLANG_WARN_DEPRECATED_OBJC_IMPLEMENTATIONS = YES;
				CLANG_WARN_DIRECT_OBJC_ISA_USAGE = YES_ERROR;
				CLANG_WARN_DOCUMENTATION_COMMENTS = YES;
				CLANG_WARN_EMPTY_BODY = YES;
				CLANG_WARN_ENUM_CONVERSION = YES;
				CLANG_WARN_INFINITE_RECURSION = YES;
				CLANG_WARN_INT_CONVERSION = YES;
				CLANG_WARN_NON_LITERAL_NULL_CONVERSION = YES;
				CLANG_WARN_OBJC_IMPLICIT_RETAIN_SELF = YES;
				CLANG_WARN_OBJC_LITERAL_CONVERSION = YES;
				CLANG_WARN_OBJC_ROOT_CLASS = YES_ERROR;
				CLANG_WARN_RANGE_LOOP_ANALYSIS = YES;
				CLANG_WARN_STRICT_PROTOTYPES = YES;
				CLANG_WARN_SUSPICIOUS_MOVE = YES;
				CLANG_WARN_UNGUARDED_AVAILABILITY = YES_AGGRESSIVE;
				CLANG_WARN_UNREACHABLE_CODE = YES;
				CLANG_WARN__DUPLICATE_METHOD_MATCH = YES;
				COPY_PHASE_STRIP = NO;
				DEBUG_INFORMATION_FORMAT = dwarf;
				ENABLE_STRICT_OBJC_MSGSEND = YES;
				ENABLE_TESTABILITY = YES;
				GCC_C_LANGUAGE_STANDARD = gnu11;
				GCC_DYNAMIC_NO_PIC = NO;
				GCC_NO_COMMON_BLOCKS = YES;
				GCC_OPTIMIZATION_LEVEL = 0;
				GCC_PREPROCESSOR_DEFINITIONS = (
					"DEBUG=1",
					"$(inherited)",
				);
				GCC_WARN_64_TO_32_BIT_CONVERSION = YES;
				GCC_WARN_ABOUT_RETURN_TYPE = YES_ERROR;
				GCC_WARN_UNDECLARED_SELECTOR = YES;
				GCC_WARN_UNINITIALIZED_AUTOS = YES_AGGRESSIVE;
				GCC_WARN_UNUSED_FUNCTION = YES;
				GCC_WARN_UNUSED_VARIABLE = YES;
				IPHONEOS_DEPLOYMENT_TARGET = 13.2;
				MTL_ENABLE_DEBUG_INFO = INCLUDE_SOURCE;
				MTL_FAST_MATH = YES;
				ONLY_ACTIVE_ARCH = YES;
				SDKROOT = iphoneos;
				SWIFT_ACTIVE_COMPILATION_CONDITIONS = DEBUG;
				SWIFT_OPTIMIZATION_LEVEL = "-Onone";
			};
			name = Debug;
		};
		195A3823240CE1C30038DDB9 /* Release */ = {
			isa = XCBuildConfiguration;
			buildSettings = {
				ALWAYS_SEARCH_USER_PATHS = NO;
				CLANG_ANALYZER_NONNULL = YES;
				CLANG_ANALYZER_NUMBER_OBJECT_CONVERSION = YES_AGGRESSIVE;
				CLANG_CXX_LANGUAGE_STANDARD = "gnu++14";
				CLANG_CXX_LIBRARY = "libc++";
				CLANG_ENABLE_MODULES = YES;
				CLANG_ENABLE_OBJC_ARC = YES;
				CLANG_ENABLE_OBJC_WEAK = YES;
				CLANG_WARN_BLOCK_CAPTURE_AUTORELEASING = YES;
				CLANG_WARN_BOOL_CONVERSION = YES;
				CLANG_WARN_COMMA = YES;
				CLANG_WARN_CONSTANT_CONVERSION = YES;
				CLANG_WARN_DEPRECATED_OBJC_IMPLEMENTATIONS = YES;
				CLANG_WARN_DIRECT_OBJC_ISA_USAGE = YES_ERROR;
				CLANG_WARN_DOCUMENTATION_COMMENTS = YES;
				CLANG_WARN_EMPTY_BODY = YES;
				CLANG_WARN_ENUM_CONVERSION = YES;
				CLANG_WARN_INFINITE_RECURSION = YES;
				CLANG_WARN_INT_CONVERSION = YES;
				CLANG_WARN_NON_LITERAL_NULL_CONVERSION = YES;
				CLANG_WARN_OBJC_IMPLICIT_RETAIN_SELF = YES;
				CLANG_WARN_OBJC_LITERAL_CONVERSION = YES;
				CLANG_WARN_OBJC_ROOT_CLASS = YES_ERROR;
				CLANG_WARN_RANGE_LOOP_ANALYSIS = YES;
				CLANG_WARN_STRICT_PROTOTYPES = YES;
				CLANG_WARN_SUSPICIOUS_MOVE = YES;
				CLANG_WARN_UNGUARDED_AVAILABILITY = YES_AGGRESSIVE;
				CLANG_WARN_UNREACHABLE_CODE = YES;
				CLANG_WARN__DUPLICATE_METHOD_MATCH = YES;
				COPY_PHASE_STRIP = NO;
				DEBUG_INFORMATION_FORMAT = "dwarf-with-dsym";
				ENABLE_NS_ASSERTIONS = NO;
				ENABLE_STRICT_OBJC_MSGSEND = YES;
				GCC_C_LANGUAGE_STANDARD = gnu11;
				GCC_NO_COMMON_BLOCKS = YES;
				GCC_WARN_64_TO_32_BIT_CONVERSION = YES;
				GCC_WARN_ABOUT_RETURN_TYPE = YES_ERROR;
				GCC_WARN_UNDECLARED_SELECTOR = YES;
				GCC_WARN_UNINITIALIZED_AUTOS = YES_AGGRESSIVE;
				GCC_WARN_UNUSED_FUNCTION = YES;
				GCC_WARN_UNUSED_VARIABLE = YES;
				IPHONEOS_DEPLOYMENT_TARGET = 13.2;
				MTL_ENABLE_DEBUG_INFO = NO;
				MTL_FAST_MATH = YES;
				SDKROOT = iphoneos;
				SWIFT_COMPILATION_MODE = wholemodule;
				SWIFT_OPTIMIZATION_LEVEL = "-O";
				VALIDATE_PRODUCT = YES;
			};
			name = Release;
		};
		195A3825240CE1C30038DDB9 /* Debug */ = {
			isa = XCBuildConfiguration;
			buildSettings = {
				ASSETCATALOG_COMPILER_APPICON_NAME = AppIcon;
				CODE_SIGN_STYLE = Automatic;
				DEVELOPMENT_TEAM = AC376MY52H;
				INFOPLIST_FILE = RSPlayCollectionView/Info.plist;
				LD_RUNPATH_SEARCH_PATHS = (
					"$(inherited)",
					"@executable_path/Frameworks",
				);
				PRODUCT_BUNDLE_IDENTIFIER = LyongY.RSPlayCollectionView;
				PRODUCT_NAME = "$(TARGET_NAME)";
				SWIFT_VERSION = 5.0;
				TARGETED_DEVICE_FAMILY = "1,2";
			};
			name = Debug;
		};
		195A3826240CE1C30038DDB9 /* Release */ = {
			isa = XCBuildConfiguration;
			buildSettings = {
				ASSETCATALOG_COMPILER_APPICON_NAME = AppIcon;
				CODE_SIGN_STYLE = Automatic;
				DEVELOPMENT_TEAM = AC376MY52H;
				INFOPLIST_FILE = RSPlayCollectionView/Info.plist;
				LD_RUNPATH_SEARCH_PATHS = (
					"$(inherited)",
					"@executable_path/Frameworks",
				);
				PRODUCT_BUNDLE_IDENTIFIER = LyongY.RSPlayCollectionView;
				PRODUCT_NAME = "$(TARGET_NAME)";
				SWIFT_VERSION = 5.0;
				TARGETED_DEVICE_FAMILY = "1,2";
			};
			name = Release;
		};
/* End XCBuildConfiguration section */

/* Begin XCConfigurationList section */
		195A380B240CE1C00038DDB9 /* Build configuration list for PBXProject "RSPlayCollectionView" */ = {
			isa = XCConfigurationList;
			buildConfigurations = (
				195A3822240CE1C30038DDB9 /* Debug */,
				195A3823240CE1C30038DDB9 /* Release */,
			);
			defaultConfigurationIsVisible = 0;
			defaultConfigurationName = Release;
		};
		195A3824240CE1C30038DDB9 /* Build configuration list for PBXNativeTarget "RSPlayCollectionView" */ = {
			isa = XCConfigurationList;
			buildConfigurations = (
				195A3825240CE1C30038DDB9 /* Debug */,
				195A3826240CE1C30038DDB9 /* Release */,
			);
			defaultConfigurationIsVisible = 0;
			defaultConfigurationName = Release;
		};
/* End XCConfigurationList section */
	};
	rootObject = 195A3808240CE1C00038DDB9 /* Project object */;
}
